// !$*UTF8*$!
{
	archiveVersion = 1;
	classes = {
	};
	objectVersion = 77;
	objects = {

/* Begin PBXBuildFile section */
		036E49C52C337284ABFE968F /* ScriptingCommands.swift in Sources */ = {isa = PBXBuildFile; fileRef = 231B9B79F504E1823EA23CBF /* ScriptingCommands.swift */; };
		069BA3BE688EC4840C1E59FD /* PermissionsService.swift in Sources */ = {isa = PBXBuildFile; fileRef = 5A15109A7865267A6A1594DA /* PermissionsService.swift */; };
		0EFA299A1A8DF233336D853A /* MainWindowView.swift in Sources */ = {isa = PBXBuildFile; fileRef = 905B2F4F82E2798CF76C4441 /* MainWindowView.swift */; };
		0F370EF1333DB5FFFC679A2F /* Assets.xcassets in Resources */ = {isa = PBXBuildFile; fileRef = ABAEA8EF801787B09F7CB7E4 /* Assets.xcassets */; };
		1EDC5DEFB03F569F9593C1C4 /* LaunchAtLogin in Frameworks */ = {isa = PBXBuildFile; productRef = 035EEBC0742526B0D25C9270 /* LaunchAtLogin */; };
		2BB5B62F748960324ED8925A /* KeyboardShortcutNames.swift in Sources */ = {isa = PBXBuildFile; fileRef = 3676A36619E924708A1B6C69 /* KeyboardShortcutNames.swift */; };
		2FCA03A92BA593151074460A /* AppLifecycleManager.swift in Sources */ = {isa = PBXBuildFile; fileRef = 0D589A914A232CB80281674A /* AppLifecycleManager.swift */; };
		2FE22BF1109379B04E4898FF /* AppShellBackground.swift in Sources */ = {isa = PBXBuildFile; fileRef = 1CAF87381A90380712D93195 /* AppShellBackground.swift */; };
		30E2AEFF31BCBF1D3253021A /* NSScreen+Extensions.swift in Sources */ = {isa = PBXBuildFile; fileRef = 43B6F23CADBB3E546414FCD2 /* NSScreen+Extensions.swift */; };
		37A719CF780193E2FF5E06E5 /* BatteryMonitor.swift in Sources */ = {isa = PBXBuildFile; fileRef = CA2E47B516ED9D2DEC20D66D /* BatteryMonitor.swift */; };
		3C0965A6025BAFD980CA4F93 /* XDR.sdef in Resources */ = {isa = PBXBuildFile; fileRef = 3BC0DE212A5711EA4C22B123 /* XDR.sdef */; };
		4137BD63BAB888754C1FC2C7 /* DisplayInfo.swift in Sources */ = {isa = PBXBuildFile; fileRef = D6F90944170E8DEA57C0B236 /* DisplayInfo.swift */; };
		473507DEE6F80066B1EE9AE6 /* AppState.swift in Sources */ = {isa = PBXBuildFile; fileRef = 8774FAF254D06A365E7E02EE /* AppState.swift */; };
		5E762AB9ED244CABEE0E4CA9 /* Constants.swift in Sources */ = {isa = PBXBuildFile; fileRef = 3B899D9DCE84104A7CBE0B1E /* Constants.swift */; };
		6C0D11CC3D6FB4FAC1EB3C52 /* MenuBarIconView.swift in Sources */ = {isa = PBXBuildFile; fileRef = 7D237810F3B1AB36F5BA20BB /* MenuBarIconView.swift */; };
		7E53C3464C1B95E692E80DB2 /* BrightnessPreset.swift in Sources */ = {isa = PBXBuildFile; fileRef = 28E86CA808DFC7BFDBB58724 /* BrightnessPreset.swift */; };
		89FF0E1EF25343CB67CABDA6 /* KeyboardShortcuts in Frameworks */ = {isa = PBXBuildFile; productRef = 336DABD1BCF4C87CA4CC9F28 /* KeyboardShortcuts */; };
		9B508C85432756479D940949 /* XDRController.swift in Sources */ = {isa = PBXBuildFile; fileRef = 1950549E628E002A8304F0F2 /* XDRController.swift */; };
		AFDA17D95B5846FDFB6B45E5 /* SleepWakeManager.swift in Sources */ = {isa = PBXBuildFile; fileRef = 8FDA6EBDB731151A7CC777B7 /* SleepWakeManager.swift */; };
		B6E49B740C0B6AA5A5F9AE96 /* AppIntentsProvider.swift in Sources */ = {isa = PBXBuildFile; fileRef = 4EE20041DE2FBA70CAE821E3 /* AppIntentsProvider.swift */; };
		C3E06EAD1AA2E36AE561658C /* Typography.swift in Sources */ = {isa = PBXBuildFile; fileRef = 1E828CC752F278A5ED9C791A /* Typography.swift */; };
		D0C1ED378C60ABA5215C4FC0 /* PermissionsView.swift in Sources */ = {isa = PBXBuildFile; fileRef = C407138E149A1B0A35AEA314 /* PermissionsView.swift */; };
		E0AEA9B772948882AD78F06F /* Spacing.swift in Sources */ = {isa = PBXBuildFile; fileRef = 1472DD96F026FD10691877B1 /* Spacing.swift */; };
		EAD0D8507FA66A57EB2DF8C2 /* Color+Theme.swift in Sources */ = {isa = PBXBuildFile; fileRef = F560212FCC32EE70CDCA078C /* Color+Theme.swift */; };
		EE97EAF435117802E0611023 /* XDRApp.swift in Sources */ = {isa = PBXBuildFile; fileRef = 80D0460427007C16B8C7C331 /* XDRApp.swift */; };
		EF7263BCE33675523835C27F /* DisplayManager.swift in Sources */ = {isa = PBXBuildFile; fileRef = 4604E0EC82B489930AEBE03A /* DisplayManager.swift */; };
		FF681BD890BCB6A4CB293145 /* PopoverContentView.swift in Sources */ = {isa = PBXBuildFile; fileRef = 3A3BF2A9056D44CA6421AC26 /* PopoverContentView.swift */; };
		AA1234567890ABCDEF012345 /* XDRBoostMeter.swift in Sources */ = {isa = PBXBuildFile; fileRef = BB1234567890ABCDEF012345 /* XDRBoostMeter.swift */; };
/* End PBXBuildFile section */

/* Begin PBXFileReference section */
		0D589A914A232CB80281674A /* AppLifecycleManager.swift */ = {isa = PBXFileReference; lastKnownFileType = sourcecode.swift; path = AppLifecycleManager.swift; sourceTree = "<group>"; };
		1472DD96F026FD10691877B1 /* Spacing.swift */ = {isa = PBXFileReference; lastKnownFileType = sourcecode.swift; path = Spacing.swift; sourceTree = "<group>"; };
		1950549E628E002A8304F0F2 /* XDRController.swift */ = {isa = PBXFileReference; lastKnownFileType = sourcecode.swift; path = XDRController.swift; sourceTree = "<group>"; };
		1A7FB7DE57909519DE48335B /* XDR.app */ = {isa = PBXFileReference; explicitFileType = wrapper.application; includeInIndex = 0; path = XDR.app; sourceTree = BUILT_PRODUCTS_DIR; };
		1CAF87381A90380712D93195 /* AppShellBackground.swift */ = {isa = PBXFileReference; lastKnownFileType = sourcecode.swift; path = AppShellBackground.swift; sourceTree = "<group>"; };
		1E828CC752F278A5ED9C791A /* Typography.swift */ = {isa = PBXFileReference; lastKnownFileType = sourcecode.swift; path = Typography.swift; sourceTree = "<group>"; };
		231B9B79F504E1823EA23CBF /* ScriptingCommands.swift */ = {isa = PBXFileReference; lastKnownFileType = sourcecode.swift; path = ScriptingCommands.swift; sourceTree = "<group>"; };
		28E86CA808DFC7BFDBB58724 /* BrightnessPreset.swift */ = {isa = PBXFileReference; lastKnownFileType = sourcecode.swift; path = BrightnessPreset.swift; sourceTree = "<group>"; };
		3676A36619E924708A1B6C69 /* KeyboardShortcutNames.swift */ = {isa = PBXFileReference; lastKnownFileType = sourcecode.swift; path = KeyboardShortcutNames.swift; sourceTree = "<group>"; };
		3A3BF2A9056D44CA6421AC26 /* PopoverContentView.swift */ = {isa = PBXFileReference; lastKnownFileType = sourcecode.swift; path = PopoverContentView.swift; sourceTree = "<group>"; };
		3B899D9DCE84104A7CBE0B1E /* Constants.swift */ = {isa = PBXFileReference; lastKnownFileType = sourcecode.swift; path = Constants.swift; sourceTree = "<group>"; };
		3BC0DE212A5711EA4C22B123 /* XDR.sdef */ = {isa = PBXFileReference; path = XDR.sdef; sourceTree = "<group>"; };
		43B6F23CADBB3E546414FCD2 /* NSScreen+Extensions.swift */ = {isa = PBXFileReference; lastKnownFileType = sourcecode.swift; path = "NSScreen+Extensions.swift"; sourceTree = "<group>"; };
		4604E0EC82B489930AEBE03A /* DisplayManager.swift */ = {isa = PBXFileReference; lastKnownFileType = sourcecode.swift; path = DisplayManager.swift; sourceTree = "<group>"; };
		4EE20041DE2FBA70CAE821E3 /* AppIntentsProvider.swift */ = {isa = PBXFileReference; lastKnownFileType = sourcecode.swift; path = AppIntentsProvider.swift; sourceTree = "<group>"; };
		5A15109A7865267A6A1594DA /* PermissionsService.swift */ = {isa = PBXFileReference; lastKnownFileType = sourcecode.swift; path = PermissionsService.swift; sourceTree = "<group>"; };
		6A1CB907B41F85F5135C6027 /* XDR.entitlements */ = {isa = PBXFileReference; lastKnownFileType = text.plist.entitlements; path = XDR.entitlements; sourceTree = "<group>"; };
		7D237810F3B1AB36F5BA20BB /* MenuBarIconView.swift */ = {isa = PBXFileReference; lastKnownFileType = sourcecode.swift; path = MenuBarIconView.swift; sourceTree = "<group>"; };
		80D0460427007C16B8C7C331 /* XDRApp.swift */ = {isa = PBXFileReference; lastKnownFileType = sourcecode.swift; path = XDRApp.swift; sourceTree = "<group>"; };
		8774FAF254D06A365E7E02EE /* AppState.swift */ = {isa = PBXFileReference; lastKnownFileType = sourcecode.swift; path = AppState.swift; sourceTree = "<group>"; };
		8FDA6EBDB731151A7CC777B7 /* SleepWakeManager.swift */ = {isa = PBXFileReference; lastKnownFileType = sourcecode.swift; path = SleepWakeManager.swift; sourceTree = "<group>"; };
		905B2F4F82E2798CF76C4441 /* MainWindowView.swift */ = {isa = PBXFileReference; lastKnownFileType = sourcecode.swift; path = MainWindowView.swift; sourceTree = "<group>"; };
		BB1234567890ABCDEF012345 /* XDRBoostMeter.swift */ = {isa = PBXFileReference; lastKnownFileType = sourcecode.swift; path = XDRBoostMeter.swift; sourceTree = "<group>"; };
		ABAEA8EF801787B09F7CB7E4 /* Assets.xcassets */ = {isa = PBXFileReference; lastKnownFileType = folder.assetcatalog; path = Assets.xcassets; sourceTree = "<group>"; };
		B7AC3AB6B6E1F225530928CC /* Info.plist */ = {isa = PBXFileReference; lastKnownFileType = text.plist; path = Info.plist; sourceTree = "<group>"; };
		C407138E149A1B0A35AEA314 /* PermissionsView.swift */ = {isa = PBXFileReference; lastKnownFileType = sourcecode.swift; path = PermissionsView.swift; sourceTree = "<group>"; };
		CA2E47B516ED9D2DEC20D66D /* BatteryMonitor.swift */ = {isa = PBXFileReference; lastKnownFileType = sourcecode.swift; path = BatteryMonitor.swift; sourceTree = "<group>"; };
		D6F90944170E8DEA57C0B236 /* DisplayInfo.swift */ = {isa = PBXFileReference; lastKnownFileType = sourcecode.swift; path = DisplayInfo.swift; sourceTree = "<group>"; };
		F560212FCC32EE70CDCA078C /* Color+Theme.swift */ = {isa = PBXFileReference; lastKnownFileType = sourcecode.swift; path = "Color+Theme.swift"; sourceTree = "<group>"; };
/* End PBXFileReference section */

/* Begin PBXFrameworksBuildPhase section */
		39F1B70069689407AAD8D64D /* Frameworks */ = {
			isa = PBXFrameworksBuildPhase;
			buildActionMask = 2147483647;
			files = (
				89FF0E1EF25343CB67CABDA6 /* KeyboardShortcuts in Frameworks */,
				1EDC5DEFB03F569F9593C1C4 /* LaunchAtLogin in Frameworks */,
			);
			runOnlyForDeploymentPostprocessing = 0;
		};
/* End PBXFrameworksBuildPhase section */

/* Begin PBXGroup section */
		033BDD2D5E4AAB1252DD7332 /* Views */ = {
			isa = PBXGroup;
			children = (
				905B2F4F82E2798CF76C4441 /* MainWindowView.swift */,
				7D237810F3B1AB36F5BA20BB /* MenuBarIconView.swift */,
				C407138E149A1B0A35AEA314 /* PermissionsView.swift */,
				3A3BF2A9056D44CA6421AC26 /* PopoverContentView.swift */,
				BB1234567890ABCDEF012345 /* XDRBoostMeter.swift */,
			);
			path = Views;
			sourceTree = "<group>";
		};
		3CEE9C0F2C5FA6D3C94FCEDE /* Extensions */ = {
			isa = PBXGroup;
			children = (
				F560212FCC32EE70CDCA078C /* Color+Theme.swift */,
				43B6F23CADBB3E546414FCD2 /* NSScreen+Extensions.swift */,
			);
			path = Extensions;
			sourceTree = "<group>";
		};
		48FAEB726A82581A5C618486 /* XDR */ = {
			isa = PBXGroup;
			children = (
				65705614978F7B1D6790E409 /* App */,
				3CEE9C0F2C5FA6D3C94FCEDE /* Extensions */,
				B0DB5401856FADF66FC4A436 /* Models */,
				A8CC82C2F46372F4F89BB4A8 /* Resources */,
				6F90284D69ED90557E01F247 /* Services */,
				9D29182781B397B7127E74C9 /* Theme */,
				A50D6D231D458A4AB0361637 /* Utilities */,
				033BDD2D5E4AAB1252DD7332 /* Views */,
			);
			path = XDR;
			sourceTree = "<group>";
		};
		65705614978F7B1D6790E409 /* App */ = {
			isa = PBXGroup;
			children = (
				0D589A914A232CB80281674A /* AppLifecycleManager.swift */,
				8774FAF254D06A365E7E02EE /* AppState.swift */,
				80D0460427007C16B8C7C331 /* XDRApp.swift */,
			);
			path = App;
			sourceTree = "<group>";
		};
		6F90284D69ED90557E01F247 /* Services */ = {
			isa = PBXGroup;
			children = (
				4EE20041DE2FBA70CAE821E3 /* AppIntentsProvider.swift */,
				CA2E47B516ED9D2DEC20D66D /* BatteryMonitor.swift */,
				4604E0EC82B489930AEBE03A /* DisplayManager.swift */,
				5A15109A7865267A6A1594DA /* PermissionsService.swift */,
				231B9B79F504E1823EA23CBF /* ScriptingCommands.swift */,
				8FDA6EBDB731151A7CC777B7 /* SleepWakeManager.swift */,
				1950549E628E002A8304F0F2 /* XDRController.swift */,
			);
			path = Services;
			sourceTree = "<group>";
		};
		90B33DD56E951E27615859B8 = {
			isa = PBXGroup;
			children = (
				48FAEB726A82581A5C618486 /* XDR */,
				ED09392C6E43EA27D1D4AA54 /* Products */,
			);
			sourceTree = "<group>";
		};
		9D29182781B397B7127E74C9 /* Theme */ = {
			isa = PBXGroup;
			children = (
				1CAF87381A90380712D93195 /* AppShellBackground.swift */,
				1472DD96F026FD10691877B1 /* Spacing.swift */,
				1E828CC752F278A5ED9C791A /* Typography.swift */,
			);
			path = Theme;
			sourceTree = "<group>";
		};
		A50D6D231D458A4AB0361637 /* Utilities */ = {
			isa = PBXGroup;
			children = (
				3B899D9DCE84104A7CBE0B1E /* Constants.swift */,
				3676A36619E924708A1B6C69 /* KeyboardShortcutNames.swift */,
			);
			path = Utilities;
			sourceTree = "<group>";
		};
		A8CC82C2F46372F4F89BB4A8 /* Resources */ = {
			isa = PBXGroup;
			children = (
				ABAEA8EF801787B09F7CB7E4 /* Assets.xcassets */,
				B7AC3AB6B6E1F225530928CC /* Info.plist */,
				6A1CB907B41F85F5135C6027 /* XDR.entitlements */,
				3BC0DE212A5711EA4C22B123 /* XDR.sdef */,
			);
			path = Resources;
			sourceTree = "<group>";
		};
		B0DB5401856FADF66FC4A436 /* Models */ = {
			isa = PBXGroup;
			children = (
				28E86CA808DFC7BFDBB58724 /* BrightnessPreset.swift */,
				D6F90944170E8DEA57C0B236 /* DisplayInfo.swift */,
			);
			path = Models;
			sourceTree = "<group>";
		};
		ED09392C6E43EA27D1D4AA54 /* Products */ = {
			isa = PBXGroup;
			children = (
				1A7FB7DE57909519DE48335B /* XDR.app */,
			);
			name = Products;
			sourceTree = "<group>";
		};
/* End PBXGroup section */

/* Begin PBXNativeTarget section */
		41014716AAC23FCC5E773115 /* XDR */ = {
			isa = PBXNativeTarget;
			buildConfigurationList = BFDB284F173F65BEDE116E50 /* Build configuration list for PBXNativeTarget "XDR" */;
			buildPhases = (
				20CD0DB446408DDF56A2A247 /* Sources */,
				9C2005BE7FE4B057D3BCA916 /* Resources */,
				39F1B70069689407AAD8D64D /* Frameworks */,
			);
			buildRules = (
			);
			dependencies = (
			);
			name = XDR;
			packageProductDependencies = (
				336DABD1BCF4C87CA4CC9F28 /* KeyboardShortcuts */,
				035EEBC0742526B0D25C9270 /* LaunchAtLogin */,
			);
			productName = XDR;
			productReference = 1A7FB7DE57909519DE48335B /* XDR.app */;
			productType = "com.apple.product-type.application";
		};
/* End PBXNativeTarget section */

/* Begin PBXProject section */
		C81A5EF6AAB1987BAD71BFFD /* Project object */ = {
			isa = PBXProject;
			attributes = {
				BuildIndependentTargetsInParallel = YES;
				LastUpgradeCheck = 1600;
				TargetAttributes = {
					41014716AAC23FCC5E773115 = {
						ProvisioningStyle = Automatic;
					};
				};
			};
			buildConfigurationList = DF39E4263098E791E1CEE0EB /* Build configuration list for PBXProject "XDR" */;
			developmentRegion = en;
			hasScannedForEncodings = 0;
			knownRegions = (
				Base,
				en,
			);
			mainGroup = 90B33DD56E951E27615859B8;
			minimizedProjectReferenceProxies = 1;
			packageReferences = (
				9FA00F32B647EF893CCFDE67 /* XCRemoteSwiftPackageReference "KeyboardShortcuts" */,
				E61937DBB754EDB031E96EC0 /* XCRemoteSwiftPackageReference "LaunchAtLogin-Modern" */,
			);
			preferredProjectObjectVersion = 77;
			productRefGroup = ED09392C6E43EA27D1D4AA54 /* Products */;
			projectDirPath = "";
			projectRoot = "";
			targets = (
				41014716AAC23FCC5E773115 /* XDR */,
			);
		};
/* End PBXProject section */

/* Begin PBXResourcesBuildPhase section */
		9C2005BE7FE4B057D3BCA916 /* Resources */ = {
			isa = PBXResourcesBuildPhase;
			buildActionMask = 2147483647;
			files = (
				0F370EF1333DB5FFFC679A2F /* Assets.xcassets in Resources */,
				3C0965A6025BAFD980CA4F93 /* XDR.sdef in Resources */,
			);
			runOnlyForDeploymentPostprocessing = 0;
		};
/* End PBXResourcesBuildPhase section */

/* Begin PBXSourcesBuildPhase section */
		20CD0DB446408DDF56A2A247 /* Sources */ = {
			isa = PBXSourcesBuildPhase;
			buildActionMask = 2147483647;
			files = (
				B6E49B740C0B6AA5A5F9AE96 /* AppIntentsProvider.swift in Sources */,
				2FCA03A92BA593151074460A /* AppLifecycleManager.swift in Sources */,
				2FE22BF1109379B04E4898FF /* AppShellBackground.swift in Sources */,
				473507DEE6F80066B1EE9AE6 /* AppState.swift in Sources */,
				37A719CF780193E2FF5E06E5 /* BatteryMonitor.swift in Sources */,
				7E53C3464C1B95E692E80DB2 /* BrightnessPreset.swift in Sources */,
				EAD0D8507FA66A57EB2DF8C2 /* Color+Theme.swift in Sources */,
				5E762AB9ED244CABEE0E4CA9 /* Constants.swift in Sources */,
				4137BD63BAB888754C1FC2C7 /* DisplayInfo.swift in Sources */,
				EF7263BCE33675523835C27F /* DisplayManager.swift in Sources */,
				2BB5B62F748960324ED8925A /* KeyboardShortcutNames.swift in Sources */,
				0EFA299A1A8DF233336D853A /* MainWindowView.swift in Sources */,
				6C0D11CC3D6FB4FAC1EB3C52 /* MenuBarIconView.swift in Sources */,
				30E2AEFF31BCBF1D3253021A /* NSScreen+Extensions.swift in Sources */,
				069BA3BE688EC4840C1E59FD /* PermissionsService.swift in Sources */,
				D0C1ED378C60ABA5215C4FC0 /* PermissionsView.swift in Sources */,
				FF681BD890BCB6A4CB293145 /* PopoverContentView.swift in Sources */,
				036E49C52C337284ABFE968F /* ScriptingCommands.swift in Sources */,
				AFDA17D95B5846FDFB6B45E5 /* SleepWakeManager.swift in Sources */,
				E0AEA9B772948882AD78F06F /* Spacing.swift in Sources */,
				C3E06EAD1AA2E36AE561658C /* Typography.swift in Sources */,
				EE97EAF435117802E0611023 /* XDRApp.swift in Sources */,
				9B508C85432756479D940949 /* XDRController.swift in Sources */,
				AA1234567890ABCDEF012345 /* XDRBoostMeter.swift in Sources */,
			);
			runOnlyForDeploymentPostprocessing = 0;
		};
/* End PBXSourcesBuildPhase section */

/* Begin XCBuildConfiguration section */
		1948397DA553A8D407C384CD /* Release */ = {
			isa = XCBuildConfiguration;
			buildSettings = {
				ASSETCATALOG_COMPILER_APPICON_NAME = AppIcon;
				CODE_SIGN_ENTITLEMENTS = XDR/Resources/XDR.entitlements;
				COMBINE_HIDPI_IMAGES = YES;
				INFOPLIST_FILE = XDR/Resources/Info.plist;
				LD_RUNPATH_SEARCH_PATHS = "@executable_path/../Frameworks";
				PRODUCT_BUNDLE_IDENTIFIER = com.xdr.XDR;
				SDKROOT = macosx;
			};
			name = Release;
		};
		3700E77171DC577361A5B7CF /* Debug */ = {
			isa = XCBuildConfiguration;
			buildSettings = {
				ALWAYS_SEARCH_USER_PATHS = NO;
				CLANG_ANALYZER_NONNULL = YES;
				CLANG_ANALYZER_NUMBER_OBJECT_CONVERSION = YES_AGGRESSIVE;
				CLANG_CXX_LANGUAGE_STANDARD = "gnu++14";
				CLANG_CXX_LIBRARY = "libc++";
				CLANG_ENABLE_MODULES = YES;
				CLANG_ENABLE_OBJC_ARC = YES;
				CLANG_ENABLE_OBJC_WEAK = YES;
				CLANG_WARN_BLOCK_CAPTURE_AUTORELEASING = YES;
				CLANG_WARN_BOOL_CONVERSION = YES;
				CLANG_WARN_COMMA = YES;
				CLANG_WARN_CONSTANT_CONVERSION = YES;
				CLANG_WARN_DEPRECATED_OBJC_IMPLEMENTATIONS = YES;
				CLANG_WARN_DIRECT_OBJC_ISA_USAGE = YES_ERROR;
				CLANG_WARN_DOCUMENTATION_COMMENTS = YES;
				CLANG_WARN_EMPTY_BODY = YES;
				CLANG_WARN_ENUM_CONVERSION = YES;
				CLANG_WARN_INFINITE_RECURSION = YES;
				CLANG_WARN_INT_CONVERSION = YES;
				CLANG_WARN_NON_LITERAL_NULL_CONVERSION = YES;
				CLANG_WARN_OBJC_IMPLICIT_RETAIN_SELF = YES;
				CLANG_WARN_OBJC_LITERAL_CONVERSION = YES;
				CLANG_WARN_OBJC_ROOT_CLASS = YES_ERROR;
				CLANG_WARN_QUOTED_INCLUDE_IN_FRAMEWORK_HEADER = YES;
				CLANG_WARN_RANGE_LOOP_ANALYSIS = YES;
				CLANG_WARN_STRICT_PROTOTYPES = YES;
				CLANG_WARN_SUSPICIOUS_MOVE = YES;
				CLANG_WARN_UNGUARDED_AVAILABILITY = YES_AGGRESSIVE;
				CLANG_WARN_UNREACHABLE_CODE = YES;
				CLANG_WARN__DUPLICATE_METHOD_MATCH = YES;
				CODE_SIGN_STYLE = Automatic;
				COPY_PHASE_STRIP = NO;
				CURRENT_PROJECT_VERSION = 1;
				DEBUG_INFORMATION_FORMAT = dwarf;
				ENABLE_HARDENED_RUNTIME = YES;
				ENABLE_STRICT_OBJC_MSGSEND = YES;
				ENABLE_TESTABILITY = YES;
				GCC_C_LANGUAGE_STANDARD = gnu11;
				GCC_DYNAMIC_NO_PIC = NO;
				GCC_NO_COMMON_BLOCKS = YES;
				GCC_OPTIMIZATION_LEVEL = 0;
				GCC_PREPROCESSOR_DEFINITIONS = (
					"$(inherited)",
					"DEBUG=1",
				);
				GCC_WARN_64_TO_32_BIT_CONVERSION = YES;
				GCC_WARN_ABOUT_RETURN_TYPE = YES_ERROR;
				GCC_WARN_UNDECLARED_SELECTOR = YES;
				GCC_WARN_UNINITIALIZED_AUTOS = YES_AGGRESSIVE;
				GCC_WARN_UNUSED_FUNCTION = YES;
				GCC_WARN_UNUSED_VARIABLE = YES;
				MACOSX_DEPLOYMENT_TARGET = 14.0;
				MARKETING_VERSION = 1.0.0;
				MTL_ENABLE_DEBUG_INFO = INCLUDE_SOURCE;
				MTL_FAST_MATH = YES;
				ONLY_ACTIVE_ARCH = YES;
				PRODUCT_NAME = "$(TARGET_NAME)";
				SDKROOT = macosx;
				SWIFT_ACTIVE_COMPILATION_CONDITIONS = DEBUG;
				SWIFT_OPTIMIZATION_LEVEL = "-Onone";
				SWIFT_VERSION = 5.10;
			};
			name = Debug;
		};
		420AA7139A7508828B11C599 /* Release */ = {
			isa = XCBuildConfiguration;
			buildSettings = {
				ALWAYS_SEARCH_USER_PATHS = NO;
				CLANG_ANALYZER_NONNULL = YES;
				CLANG_ANALYZER_NUMBER_OBJECT_CONVERSION = YES_AGGRESSIVE;
				CLANG_CXX_LANGUAGE_STANDARD = "gnu++14";
				CLANG_CXX_LIBRARY = "libc++";
				CLANG_ENABLE_MODULES = YES;
				CLANG_ENABLE_OBJC_ARC = YES;
				CLANG_ENABLE_OBJC_WEAK = YES;
				CLANG_WARN_BLOCK_CAPTURE_AUTORELEASING = YES;
				CLANG_WARN_BOOL_CONVERSION = YES;
				CLANG_WARN_COMMA = YES;
				CLANG_WARN_CONSTANT_CONVERSION = YES;
				CLANG_WARN_DEPRECATED_OBJC_IMPLEMENTATIONS = YES;
				CLANG_WARN_DIRECT_OBJC_ISA_USAGE = YES_ERROR;
				CLANG_WARN_DOCUMENTATION_COMMENTS = YES;
				CLANG_WARN_EMPTY_BODY = YES;
				CLANG_WARN_ENUM_CONVERSION = YES;
				CLANG_WARN_INFINITE_RECURSION = YES;
				CLANG_WARN_INT_CONVERSION = YES;
				CLANG_WARN_NON_LITERAL_NULL_CONVERSION = YES;
				CLANG_WARN_OBJC_IMPLICIT_RETAIN_SELF = YES;
				CLANG_WARN_OBJC_LITERAL_CONVERSION = YES;
				CLANG_WARN_OBJC_ROOT_CLASS = YES_ERROR;
				CLANG_WARN_QUOTED_INCLUDE_IN_FRAMEWORK_HEADER = YES;
				CLANG_WARN_RANGE_LOOP_ANALYSIS = YES;
				CLANG_WARN_STRICT_PROTOTYPES = YES;
				CLANG_WARN_SUSPICIOUS_MOVE = YES;
				CLANG_WARN_UNGUARDED_AVAILABILITY = YES_AGGRESSIVE;
				CLANG_WARN_UNREACHABLE_CODE = YES;
				CLANG_WARN__DUPLICATE_METHOD_MATCH = YES;
				CODE_SIGN_STYLE = Automatic;
				COPY_PHASE_STRIP = NO;
				CURRENT_PROJECT_VERSION = 1;
				DEBUG_INFORMATION_FORMAT = "dwarf-with-dsym";
				ENABLE_HARDENED_RUNTIME = YES;
				ENABLE_NS_ASSERTIONS = NO;
				ENABLE_STRICT_OBJC_MSGSEND = YES;
				GCC_C_LANGUAGE_STANDARD = gnu11;
				GCC_NO_COMMON_BLOCKS = YES;
				GCC_WARN_64_TO_32_BIT_CONVERSION = YES;
				GCC_WARN_ABOUT_RETURN_TYPE = YES_ERROR;
				GCC_WARN_UNDECLARED_SELECTOR = YES;
				GCC_WARN_UNINITIALIZED_AUTOS = YES_AGGRESSIVE;
				GCC_WARN_UNUSED_FUNCTION = YES;
				GCC_WARN_UNUSED_VARIABLE = YES;
				MACOSX_DEPLOYMENT_TARGET = 14.0;
				MARKETING_VERSION = 1.0.0;
				MTL_ENABLE_DEBUG_INFO = NO;
				MTL_FAST_MATH = YES;
				PRODUCT_NAME = "$(TARGET_NAME)";
				SDKROOT = macosx;
				SWIFT_COMPILATION_MODE = wholemodule;
				SWIFT_OPTIMIZATION_LEVEL = "-O";
				SWIFT_VERSION = 5.10;
			};
			name = Release;
		};
		75B6C9709F81CD746BFFF75A /* Debug */ = {
			isa = XCBuildConfiguration;
			buildSettings = {
				ASSETCATALOG_COMPILER_APPICON_NAME = AppIcon;
				CODE_SIGN_ENTITLEMENTS = XDR/Resources/XDR.entitlements;
				COMBINE_HIDPI_IMAGES = YES;
				INFOPLIST_FILE = XDR/Resources/Info.plist;
				LD_RUNPATH_SEARCH_PATHS = "@executable_path/../Frameworks";
				PRODUCT_BUNDLE_IDENTIFIER = com.xdr.XDR;
				SDKROOT = macosx;
			};
			name = Debug;
		};
/* End XCBuildConfiguration section */

/* Begin XCConfigurationList section */
		BFDB284F173F65BEDE116E50 /* Build configuration list for PBXNativeTarget "XDR" */ = {
			isa = XCConfigurationList;
			buildConfigurations = (
				75B6C9709F81CD746BFFF75A /* Debug */,
				1948397DA553A8D407C384CD /* Release */,
			);
			defaultConfigurationIsVisible = 0;
			defaultConfigurationName = Debug;
		};
		DF39E4263098E791E1CEE0EB /* Build configuration list for PBXProject "XDR" */ = {
			isa = XCConfigurationList;
			buildConfigurations = (
				3700E77171DC577361A5B7CF /* Debug */,
				420AA7139A7508828B11C599 /* Release */,
			);
			defaultConfigurationIsVisible = 0;
			defaultConfigurationName = Debug;
		};
/* End XCConfigurationList section */

/* Begin XCRemoteSwiftPackageReference section */
		9FA00F32B647EF893CCFDE67 /* XCRemoteSwiftPackageReference "KeyboardShortcuts" */ = {
			isa = XCRemoteSwiftPackageReference;
			repositoryURL = "https://github.com/sindresorhus/KeyboardShortcuts";
			requirement = {
				kind = upToNextMajorVersion;
				minimumVersion = 2.0.0;
			};
		};
		E61937DBB754EDB031E96EC0 /* XCRemoteSwiftPackageReference "LaunchAtLogin-Modern" */ = {
			isa = XCRemoteSwiftPackageReference;
			repositoryURL = "https://github.com/sindresorhus/LaunchAtLogin-Modern";
			requirement = {
				kind = upToNextMajorVersion;
				minimumVersion = 1.0.0;
			};
		};
/* End XCRemoteSwiftPackageReference section */

/* Begin XCSwiftPackageProductDependency section */
		035EEBC0742526B0D25C9270 /* LaunchAtLogin */ = {
			isa = XCSwiftPackageProductDependency;
			package = E61937DBB754EDB031E96EC0 /* XCRemoteSwiftPackageReference "LaunchAtLogin-Modern" */;
			productName = LaunchAtLogin;
		};
		336DABD1BCF4C87CA4CC9F28 /* KeyboardShortcuts */ = {
			isa = XCSwiftPackageProductDependency;
			package = 9FA00F32B647EF893CCFDE67 /* XCRemoteSwiftPackageReference "KeyboardShortcuts" */;
			productName = KeyboardShortcuts;
		};
/* End XCSwiftPackageProductDependency section */
	};
	rootObject = C81A5EF6AAB1987BAD71BFFD /* Project object */;
}
